
Microsoft Visual Studio Solution File, Format Version 12.00
# Visual Studio Version 17
VisualStudioVersion = 17.12.35521.163 d17.12
MinimumVisualStudioVersion = 10.0.40219.1
Project("{9A19103F-16F7-4668-BE54-9A1E7A4F7556}") = "ACH.CMSWebClient", "ACH.CMSWebClient\ACH.CMSWebClient.csproj", "{35CDD57D-E6FB-B8A7-D04B-21D58431077D}"
EndProject
Project("{FAE04EC0-301F-11D3-BF4B-00C04F79EFBC}") = "ACH.DataEntity.ReportData", "ACH.DataEntity.ReportData\ACH.DataEntity.ReportData.csproj", "{63A4C2E0-4FFB-195C-B1AD-0968C1DDBE86}"
EndProject
Project("{2150E333-8FDC-42A3-9474-1A3956D46DE8}") = "01-DateBase", "01-DateBase", "{347C5AE6-0142-4A87-9C9C-9CC1C7DF7074}"
EndProject
Project("{2150E333-8FDC-42A3-9474-1A3956D46DE8}") = "00-DataEntity", "00-DataEntity", "{4F50CA04-27D0-4B7F-A964-F719BCCBAD2A}"
EndProject
Project("{2150E333-8FDC-42A3-9474-1A3956D46DE8}") = "03-DataQuailty", "03-DataQuailty", "{F47FC22C-EF22-4374-8B17-385BE9E346F7}"
EndProject
Project("{2150E333-8FDC-42A3-9474-1A3956D46DE8}") = "05-Download", "05-Download", "{EF953C89-9BB6-4D71-B50F-C41765572624}"
EndProject
Project("{9A19103F-16F7-4668-BE54-9A1E7A4F7556}") = "ACH.Download.DataDownload", "ACH.Download.DataDownload\ACH.Download.DataDownload.csproj", "{B5155ADF-0386-4C8A-9EBC-4BF4AA4B663A}"
EndProject
Project("{9A19103F-16F7-4668-BE54-9A1E7A4F7556}") = "ACH.Download.WaveDataSelect", "ACH.Download.WavaDataSelect\ACH.Download.WaveDataSelect.csproj", "{7B06A31F-098F-4626-B588-815183C4C105}"
EndProject
Project("{9A19103F-16F7-4668-BE54-9A1E7A4F7556}") = "ACH.DBConn.Dat", "ACH.Dat.DB\ACH.DBConn.Dat.csproj", "{62760A99-F2AE-4A1F-8FED-925FCB50626A}"
EndProject
Project("{9A19103F-16F7-4668-BE54-9A1E7A4F7556}") = "ACH.DBRepository.App", "ACH.DBRepository.App\ACH.DBRepository.App.csproj", "{6B0E8880-FC23-4163-BCF1-5F95CC5FD5DD}"
EndProject
Project("{9A19103F-16F7-4668-BE54-9A1E7A4F7556}") = "ACH.DataEntity.TheWeave", "ACH.DataEntity.TheWeave\ACH.DataEntity.TheWeave.csproj", "{752A06CF-CF1C-4624-BDF6-3566428FF5B9}"
EndProject
Project("{9A19103F-16F7-4668-BE54-9A1E7A4F7556}") = "ACH.DBRepository.TheWeave", "ACH.DBRepository.TheWeave\ACH.DBRepository.TheWeave.csproj", "{A9A8714C-811B-48C9-AB63-7F403771367B}"
EndProject
Project("{9A19103F-16F7-4668-BE54-9A1E7A4F7556}") = "ACH.DBRepository.DBSelect", "ACH.DBRepository.DBSelect\ACH.DBRepository.DBSelect.csproj", "{635E63C6-E4B0-4F86-B80F-92A58DE54494}"
EndProject
Project("{9A19103F-16F7-4668-BE54-9A1E7A4F7556}") = "ACH.DBConn.Bladex", "ACH.Bladex.DB\ACH.DBConn.Bladex.csproj", "{57BB82A8-0CE2-44E2-8B2E-A04403218465}"
EndProject
Project("{2150E333-8FDC-42A3-9474-1A3956D46DE8}") = "02-Helper", "02-Helper", "{AC4DC110-9F9E-4F3F-BCED-6955B0624009}"
EndProject
Project("{FAE04EC0-301F-11D3-BF4B-00C04F79EFBC}") = "ACH.CMSGrpcData", "ACH.CMSGrpcData\ACH.CMSGrpcData.csproj", "{220B6476-1B54-5BC5-6009-9ACF57EB2852}"
EndProject
Project("{FAE04EC0-301F-11D3-BF4B-00C04F79EFBC}") = "ACH.DataEntity.Enum", "ACH.DataEntity.Enum\ACH.DataEntity.Enum.csproj", "{CE8F42F0-9B37-4F8D-A81E-D234EEDD1F87}"
EndProject
Project("{FAE04EC0-301F-11D3-BF4B-00C04F79EFBC}") = "ACH.DataEntity.App", "ACH.DataEntity.App\ACH.DataEntity.App.csproj", "{10688141-4E7B-4CF4-B24D-DC5044D9AD48}"
EndProject
Project("{FAE04EC0-301F-11D3-BF4B-00C04F79EFBC}") = "ACH.DataEntity.DownLoad", "ACH.DataEntity.DownLoad\ACH.DataEntity.DownLoad.csproj", "{CAC0DCB4-CF6C-A797-8D1A-D7E6E38A9A56}"
EndProject
Project("{FAE04EC0-301F-11D3-BF4B-00C04F79EFBC}") = "ACH.DBRepository.SD", "ACH.DBRepository.SD\ACH.DBRepository.SD.csproj", "{2A646084-D856-4A93-A00A-87CFC511E670}"
EndProject
Project("{FAE04EC0-301F-11D3-BF4B-00C04F79EFBC}") = "ACH.DataEntity.StatusTree", "ACH.DataEntity.StatusTree\ACH.DataEntity.StatusTree.csproj", "{F2DA269F-B587-23F8-1E27-ABAC62849945}"
EndProject
Project("{FAE04EC0-301F-11D3-BF4B-00C04F79EFBC}") = "ACH.DataEntity.Bladex", "ACH.DataEntity.Bladex\ACH.DataEntity.Bladex.csproj", "{19B868D5-DD2E-77AE-FFD5-F79ADC367CB9}"
EndProject
Project("{FAE04EC0-301F-11D3-BF4B-00C04F79EFBC}") = "ACH.Helper", "ACH.Helper\ACH.Helper.csproj", "{66F0FF09-C825-422D-A08B-6B5D858CB9EE}"
EndProject
Project("{FAE04EC0-301F-11D3-BF4B-00C04F79EFBC}") = "ACH.DBRepository.DevTree", "ACH.DBRepository.DevTree\ACH.DBRepository.DevTree.csproj", "{146CE86C-B904-4234-80F5-3897EEE9CB62}"
EndProject
Project("{FAE04EC0-301F-11D3-BF4B-00C04F79EFBC}") = "ACH.DataQuality.FileCount", "ACH.DataQuality.FileCount\ACH.DataQuality.FileCount.csproj", "{82E68E5D-2B36-12BE-6321-01F6E6307257}"
EndProject
Project("{FAE04EC0-301F-11D3-BF4B-00C04F79EFBC}") = "ACH.DataEntity.DevTree", "ACH.DataEntity.DevTree\ACH.DataEntity.DevTree.csproj", "{633C3139-8BA0-BCAB-60B0-D805AE90DD94}"
EndProject
Global
	GlobalSection(SolutionConfigurationPlatforms) = preSolution
		Debug|Any CPU = Debug|Any CPU
		Debug|x64 = Debug|x64
		Debug|x86 = Debug|x86
		Release|Any CPU = Release|Any CPU
		Release|x64 = Release|x64
		Release|x86 = Release|x86
	EndGlobalSection
	GlobalSection(ProjectConfigurationPlatforms) = postSolution
		{35CDD57D-E6FB-B8A7-D04B-21D58431077D}.Debug|Any CPU.ActiveCfg = Debug|Any CPU
		{35CDD57D-E6FB-B8A7-D04B-21D58431077D}.Debug|Any CPU.Build.0 = Debug|Any CPU
		{35CDD57D-E6FB-B8A7-D04B-21D58431077D}.Debug|x64.ActiveCfg = Debug|Any CPU
		{35CDD57D-E6FB-B8A7-D04B-21D58431077D}.Debug|x64.Build.0 = Debug|Any CPU
		{35CDD57D-E6FB-B8A7-D04B-21D58431077D}.Debug|x86.ActiveCfg = Debug|Any CPU
		{35CDD57D-E6FB-B8A7-D04B-21D58431077D}.Debug|x86.Build.0 = Debug|Any CPU
		{35CDD57D-E6FB-B8A7-D04B-21D58431077D}.Release|Any CPU.ActiveCfg = Release|Any CPU
		{35CDD57D-E6FB-B8A7-D04B-21D58431077D}.Release|Any CPU.Build.0 = Release|Any CPU
		{35CDD57D-E6FB-B8A7-D04B-21D58431077D}.Release|x64.ActiveCfg = Release|Any CPU
		{35CDD57D-E6FB-B8A7-D04B-21D58431077D}.Release|x64.Build.0 = Release|Any CPU
		{35CDD57D-E6FB-B8A7-D04B-21D58431077D}.Release|x86.ActiveCfg = Release|Any CPU
		{35CDD57D-E6FB-B8A7-D04B-21D58431077D}.Release|x86.Build.0 = Release|Any CPU
		{63A4C2E0-4FFB-195C-B1AD-0968C1DDBE86}.Debug|Any CPU.ActiveCfg = Debug|Any CPU
		{63A4C2E0-4FFB-195C-B1AD-0968C1DDBE86}.Debug|Any CPU.Build.0 = Debug|Any CPU
		{63A4C2E0-4FFB-195C-B1AD-0968C1DDBE86}.Debug|x64.ActiveCfg = Debug|Any CPU
		{63A4C2E0-4FFB-195C-B1AD-0968C1DDBE86}.Debug|x64.Build.0 = Debug|Any CPU
		{63A4C2E0-4FFB-195C-B1AD-0968C1DDBE86}.Debug|x86.ActiveCfg = Debug|Any CPU
		{63A4C2E0-4FFB-195C-B1AD-0968C1DDBE86}.Debug|x86.Build.0 = Debug|Any CPU
		{63A4C2E0-4FFB-195C-B1AD-0968C1DDBE86}.Release|Any CPU.ActiveCfg = Release|Any CPU
		{63A4C2E0-4FFB-195C-B1AD-0968C1DDBE86}.Release|Any CPU.Build.0 = Release|Any CPU
		{63A4C2E0-4FFB-195C-B1AD-0968C1DDBE86}.Release|x64.ActiveCfg = Release|Any CPU
		{63A4C2E0-4FFB-195C-B1AD-0968C1DDBE86}.Release|x64.Build.0 = Release|Any CPU
		{63A4C2E0-4FFB-195C-B1AD-0968C1DDBE86}.Release|x86.ActiveCfg = Release|Any CPU
		{63A4C2E0-4FFB-195C-B1AD-0968C1DDBE86}.Release|x86.Build.0 = Release|Any CPU
		{B5155ADF-0386-4C8A-9EBC-4BF4AA4B663A}.Debug|Any CPU.ActiveCfg = Debug|Any CPU
		{B5155ADF-0386-4C8A-9EBC-4BF4AA4B663A}.Debug|Any CPU.Build.0 = Debug|Any CPU
		{B5155ADF-0386-4C8A-9EBC-4BF4AA4B663A}.Debug|x64.ActiveCfg = Debug|Any CPU
		{B5155ADF-0386-4C8A-9EBC-4BF4AA4B663A}.Debug|x64.Build.0 = Debug|Any CPU
		{B5155ADF-0386-4C8A-9EBC-4BF4AA4B663A}.Debug|x86.ActiveCfg = Debug|Any CPU
		{B5155ADF-0386-4C8A-9EBC-4BF4AA4B663A}.Debug|x86.Build.0 = Debug|Any CPU
		{B5155ADF-0386-4C8A-9EBC-4BF4AA4B663A}.Release|Any CPU.ActiveCfg = Release|Any CPU
		{B5155ADF-0386-4C8A-9EBC-4BF4AA4B663A}.Release|Any CPU.Build.0 = Release|Any CPU
		{B5155ADF-0386-4C8A-9EBC-4BF4AA4B663A}.Release|x64.ActiveCfg = Release|Any CPU
		{B5155ADF-0386-4C8A-9EBC-4BF4AA4B663A}.Release|x64.Build.0 = Release|Any CPU
		{B5155ADF-0386-4C8A-9EBC-4BF4AA4B663A}.Release|x86.ActiveCfg = Release|Any CPU
		{B5155ADF-0386-4C8A-9EBC-4BF4AA4B663A}.Release|x86.Build.0 = Release|Any CPU
		{7B06A31F-098F-4626-B588-815183C4C105}.Debug|Any CPU.ActiveCfg = Debug|Any CPU
		{7B06A31F-098F-4626-B588-815183C4C105}.Debug|Any CPU.Build.0 = Debug|Any CPU
		{7B06A31F-098F-4626-B588-815183C4C105}.Debug|x64.ActiveCfg = Debug|Any CPU
		{7B06A31F-098F-4626-B588-815183C4C105}.Debug|x64.Build.0 = Debug|Any CPU
		{7B06A31F-098F-4626-B588-815183C4C105}.Debug|x86.ActiveCfg = Debug|Any CPU
		{7B06A31F-098F-4626-B588-815183C4C105}.Debug|x86.Build.0 = Debug|Any CPU
		{7B06A31F-098F-4626-B588-815183C4C105}.Release|Any CPU.ActiveCfg = Release|Any CPU
		{7B06A31F-098F-4626-B588-815183C4C105}.Release|Any CPU.Build.0 = Release|Any CPU
		{7B06A31F-098F-4626-B588-815183C4C105}.Release|x64.ActiveCfg = Release|Any CPU
		{7B06A31F-098F-4626-B588-815183C4C105}.Release|x64.Build.0 = Release|Any CPU
		{7B06A31F-098F-4626-B588-815183C4C105}.Release|x86.ActiveCfg = Release|Any CPU
		{7B06A31F-098F-4626-B588-815183C4C105}.Release|x86.Build.0 = Release|Any CPU
		{62760A99-F2AE-4A1F-8FED-925FCB50626A}.Debug|Any CPU.ActiveCfg = Debug|Any CPU
		{62760A99-F2AE-4A1F-8FED-925FCB50626A}.Debug|Any CPU.Build.0 = Debug|Any CPU
		{62760A99-F2AE-4A1F-8FED-925FCB50626A}.Debug|x64.ActiveCfg = Debug|Any CPU
		{62760A99-F2AE-4A1F-8FED-925FCB50626A}.Debug|x64.Build.0 = Debug|Any CPU
		{62760A99-F2AE-4A1F-8FED-925FCB50626A}.Debug|x86.ActiveCfg = Debug|Any CPU
		{62760A99-F2AE-4A1F-8FED-925FCB50626A}.Debug|x86.Build.0 = Debug|Any CPU
		{62760A99-F2AE-4A1F-8FED-925FCB50626A}.Release|Any CPU.ActiveCfg = Release|Any CPU
		{62760A99-F2AE-4A1F-8FED-925FCB50626A}.Release|Any CPU.Build.0 = Release|Any CPU
		{62760A99-F2AE-4A1F-8FED-925FCB50626A}.Release|x64.ActiveCfg = Release|Any CPU
		{62760A99-F2AE-4A1F-8FED-925FCB50626A}.Release|x64.Build.0 = Release|Any CPU
		{62760A99-F2AE-4A1F-8FED-925FCB50626A}.Release|x86.ActiveCfg = Release|Any CPU
		{62760A99-F2AE-4A1F-8FED-925FCB50626A}.Release|x86.Build.0 = Release|Any CPU
		{6B0E8880-FC23-4163-BCF1-5F95CC5FD5DD}.Debug|Any CPU.ActiveCfg = Debug|Any CPU
		{6B0E8880-FC23-4163-BCF1-5F95CC5FD5DD}.Debug|Any CPU.Build.0 = Debug|Any CPU
		{6B0E8880-FC23-4163-BCF1-5F95CC5FD5DD}.Debug|x64.ActiveCfg = Debug|Any CPU
		{6B0E8880-FC23-4163-BCF1-5F95CC5FD5DD}.Debug|x64.Build.0 = Debug|Any CPU
		{6B0E8880-FC23-4163-BCF1-5F95CC5FD5DD}.Debug|x86.ActiveCfg = Debug|Any CPU
		{6B0E8880-FC23-4163-BCF1-5F95CC5FD5DD}.Debug|x86.Build.0 = Debug|Any CPU
		{6B0E8880-FC23-4163-BCF1-5F95CC5FD5DD}.Release|Any CPU.ActiveCfg = Release|Any CPU
		{6B0E8880-FC23-4163-BCF1-5F95CC5FD5DD}.Release|Any CPU.Build.0 = Release|Any CPU
		{6B0E8880-FC23-4163-BCF1-5F95CC5FD5DD}.Release|x64.ActiveCfg = Release|Any CPU
		{6B0E8880-FC23-4163-BCF1-5F95CC5FD5DD}.Release|x64.Build.0 = Release|Any CPU
		{6B0E8880-FC23-4163-BCF1-5F95CC5FD5DD}.Release|x86.ActiveCfg = Release|Any CPU
		{6B0E8880-FC23-4163-BCF1-5F95CC5FD5DD}.Release|x86.Build.0 = Release|Any CPU
		{752A06CF-CF1C-4624-BDF6-3566428FF5B9}.Debug|Any CPU.ActiveCfg = Debug|Any CPU
		{752A06CF-CF1C-4624-BDF6-3566428FF5B9}.Debug|Any CPU.Build.0 = Debug|Any CPU
		{752A06CF-CF1C-4624-BDF6-3566428FF5B9}.Debug|x64.ActiveCfg = Debug|Any CPU
		{752A06CF-CF1C-4624-BDF6-3566428FF5B9}.Debug|x64.Build.0 = Debug|Any CPU
		{752A06CF-CF1C-4624-BDF6-3566428FF5B9}.Debug|x86.ActiveCfg = Debug|Any CPU
		{752A06CF-CF1C-4624-BDF6-3566428FF5B9}.Debug|x86.Build.0 = Debug|Any CPU
		{752A06CF-CF1C-4624-BDF6-3566428FF5B9}.Release|Any CPU.ActiveCfg = Release|Any CPU
		{752A06CF-CF1C-4624-BDF6-3566428FF5B9}.Release|Any CPU.Build.0 = Release|Any CPU
		{752A06CF-CF1C-4624-BDF6-3566428FF5B9}.Release|x64.ActiveCfg = Release|Any CPU
		{752A06CF-CF1C-4624-BDF6-3566428FF5B9}.Release|x64.Build.0 = Release|Any CPU
		{752A06CF-CF1C-4624-BDF6-3566428FF5B9}.Release|x86.ActiveCfg = Release|Any CPU
		{752A06CF-CF1C-4624-BDF6-3566428FF5B9}.Release|x86.Build.0 = Release|Any CPU
		{A9A8714C-811B-48C9-AB63-7F403771367B}.Debug|Any CPU.ActiveCfg = Debug|Any CPU
		{A9A8714C-811B-48C9-AB63-7F403771367B}.Debug|Any CPU.Build.0 = Debug|Any CPU
		{A9A8714C-811B-48C9-AB63-7F403771367B}.Debug|x64.ActiveCfg = Debug|Any CPU
		{A9A8714C-811B-48C9-AB63-7F403771367B}.Debug|x64.Build.0 = Debug|Any CPU
		{A9A8714C-811B-48C9-AB63-7F403771367B}.Debug|x86.ActiveCfg = Debug|Any CPU
		{A9A8714C-811B-48C9-AB63-7F403771367B}.Debug|x86.Build.0 = Debug|Any CPU
		{A9A8714C-811B-48C9-AB63-7F403771367B}.Release|Any CPU.ActiveCfg = Release|Any CPU
		{A9A8714C-811B-48C9-AB63-7F403771367B}.Release|Any CPU.Build.0 = Release|Any CPU
		{A9A8714C-811B-48C9-AB63-7F403771367B}.Release|x64.ActiveCfg = Release|Any CPU
		{A9A8714C-811B-48C9-AB63-7F403771367B}.Release|x64.Build.0 = Release|Any CPU
		{A9A8714C-811B-48C9-AB63-7F403771367B}.Release|x86.ActiveCfg = Release|Any CPU
		{A9A8714C-811B-48C9-AB63-7F403771367B}.Release|x86.Build.0 = Release|Any CPU
		{635E63C6-E4B0-4F86-B80F-92A58DE54494}.Debug|Any CPU.ActiveCfg = Debug|Any CPU
		{635E63C6-E4B0-4F86-B80F-92A58DE54494}.Debug|Any CPU.Build.0 = Debug|Any CPU
		{635E63C6-E4B0-4F86-B80F-92A58DE54494}.Debug|x64.ActiveCfg = Debug|Any CPU
		{635E63C6-E4B0-4F86-B80F-92A58DE54494}.Debug|x64.Build.0 = Debug|Any CPU
		{635E63C6-E4B0-4F86-B80F-92A58DE54494}.Debug|x86.ActiveCfg = Debug|Any CPU
		{635E63C6-E4B0-4F86-B80F-92A58DE54494}.Debug|x86.Build.0 = Debug|Any CPU
		{635E63C6-E4B0-4F86-B80F-92A58DE54494}.Release|Any CPU.ActiveCfg = Release|Any CPU
		{635E63C6-E4B0-4F86-B80F-92A58DE54494}.Release|Any CPU.Build.0 = Release|Any CPU
		{635E63C6-E4B0-4F86-B80F-92A58DE54494}.Release|x64.ActiveCfg = Release|Any CPU
		{635E63C6-E4B0-4F86-B80F-92A58DE54494}.Release|x64.Build.0 = Release|Any CPU
		{635E63C6-E4B0-4F86-B80F-92A58DE54494}.Release|x86.ActiveCfg = Release|Any CPU
		{635E63C6-E4B0-4F86-B80F-92A58DE54494}.Release|x86.Build.0 = Release|Any CPU
		{57BB82A8-0CE2-44E2-8B2E-A04403218465}.Debug|Any CPU.ActiveCfg = Debug|Any CPU
		{57BB82A8-0CE2-44E2-8B2E-A04403218465}.Debug|Any CPU.Build.0 = Debug|Any CPU
		{57BB82A8-0CE2-44E2-8B2E-A04403218465}.Debug|x64.ActiveCfg = Debug|Any CPU
		{57BB82A8-0CE2-44E2-8B2E-A04403218465}.Debug|x64.Build.0 = Debug|Any CPU
		{57BB82A8-0CE2-44E2-8B2E-A04403218465}.Debug|x86.ActiveCfg = Debug|Any CPU
		{57BB82A8-0CE2-44E2-8B2E-A04403218465}.Debug|x86.Build.0 = Debug|Any CPU
		{57BB82A8-0CE2-44E2-8B2E-A04403218465}.Release|Any CPU.ActiveCfg = Release|Any CPU
		{57BB82A8-0CE2-44E2-8B2E-A04403218465}.Release|Any CPU.Build.0 = Release|Any CPU
		{57BB82A8-0CE2-44E2-8B2E-A04403218465}.Release|x64.ActiveCfg = Release|Any CPU
		{57BB82A8-0CE2-44E2-8B2E-A04403218465}.Release|x64.Build.0 = Release|Any CPU
		{57BB82A8-0CE2-44E2-8B2E-A04403218465}.Release|x86.ActiveCfg = Release|Any CPU
		{57BB82A8-0CE2-44E2-8B2E-A04403218465}.Release|x86.Build.0 = Release|Any CPU
		{220B6476-1B54-5BC5-6009-9ACF57EB2852}.Debug|Any CPU.ActiveCfg = Debug|Any CPU
		{220B6476-1B54-5BC5-6009-9ACF57EB2852}.Debug|Any CPU.Build.0 = Debug|Any CPU
		{220B6476-1B54-5BC5-6009-9ACF57EB2852}.Debug|x64.ActiveCfg = Debug|Any CPU
		{220B6476-1B54-5BC5-6009-9ACF57EB2852}.Debug|x64.Build.0 = Debug|Any CPU
		{220B6476-1B54-5BC5-6009-9ACF57EB2852}.Debug|x86.ActiveCfg = Debug|Any CPU
		{220B6476-1B54-5BC5-6009-9ACF57EB2852}.Debug|x86.Build.0 = Debug|Any CPU
		{220B6476-1B54-5BC5-6009-9ACF57EB2852}.Release|Any CPU.ActiveCfg = Release|Any CPU
		{220B6476-1B54-5BC5-6009-9ACF57EB2852}.Release|Any CPU.Build.0 = Release|Any CPU
		{220B6476-1B54-5BC5-6009-9ACF57EB2852}.Release|x64.ActiveCfg = Release|Any CPU
		{220B6476-1B54-5BC5-6009-9ACF57EB2852}.Release|x64.Build.0 = Release|Any CPU
		{220B6476-1B54-5BC5-6009-9ACF57EB2852}.Release|x86.ActiveCfg = Release|Any CPU
		{220B6476-1B54-5BC5-6009-9ACF57EB2852}.Release|x86.Build.0 = Release|Any CPU
		{CE8F42F0-9B37-4F8D-A81E-D234EEDD1F87}.Debug|Any CPU.ActiveCfg = Debug|Any CPU
		{CE8F42F0-9B37-4F8D-A81E-D234EEDD1F87}.Debug|Any CPU.Build.0 = Debug|Any CPU
		{CE8F42F0-9B37-4F8D-A81E-D234EEDD1F87}.Debug|x64.ActiveCfg = Debug|Any CPU
		{CE8F42F0-9B37-4F8D-A81E-D234EEDD1F87}.Debug|x64.Build.0 = Debug|Any CPU
		{CE8F42F0-9B37-4F8D-A81E-D234EEDD1F87}.Debug|x86.ActiveCfg = Debug|Any CPU
		{CE8F42F0-9B37-4F8D-A81E-D234EEDD1F87}.Debug|x86.Build.0 = Debug|Any CPU
		{CE8F42F0-9B37-4F8D-A81E-D234EEDD1F87}.Release|Any CPU.ActiveCfg = Release|Any CPU
		{CE8F42F0-9B37-4F8D-A81E-D234EEDD1F87}.Release|Any CPU.Build.0 = Release|Any CPU
		{CE8F42F0-9B37-4F8D-A81E-D234EEDD1F87}.Release|x64.ActiveCfg = Release|Any CPU
		{CE8F42F0-9B37-4F8D-A81E-D234EEDD1F87}.Release|x64.Build.0 = Release|Any CPU
		{CE8F42F0-9B37-4F8D-A81E-D234EEDD1F87}.Release|x86.ActiveCfg = Release|Any CPU
		{CE8F42F0-9B37-4F8D-A81E-D234EEDD1F87}.Release|x86.Build.0 = Release|Any CPU
		{10688141-4E7B-4CF4-B24D-DC5044D9AD48}.Debug|Any CPU.ActiveCfg = Debug|Any CPU
		{10688141-4E7B-4CF4-B24D-DC5044D9AD48}.Debug|Any CPU.Build.0 = Debug|Any CPU
		{10688141-4E7B-4CF4-B24D-DC5044D9AD48}.Debug|x64.ActiveCfg = Debug|Any CPU
		{10688141-4E7B-4CF4-B24D-DC5044D9AD48}.Debug|x64.Build.0 = Debug|Any CPU
		{10688141-4E7B-4CF4-B24D-DC5044D9AD48}.Debug|x86.ActiveCfg = Debug|Any CPU
		{10688141-4E7B-4CF4-B24D-DC5044D9AD48}.Debug|x86.Build.0 = Debug|Any CPU
		{10688141-4E7B-4CF4-B24D-DC5044D9AD48}.Release|Any CPU.ActiveCfg = Release|Any CPU
		{10688141-4E7B-4CF4-B24D-DC5044D9AD48}.Release|Any CPU.Build.0 = Release|Any CPU
		{10688141-4E7B-4CF4-B24D-DC5044D9AD48}.Release|x64.ActiveCfg = Release|Any CPU
		{10688141-4E7B-4CF4-B24D-DC5044D9AD48}.Release|x64.Build.0 = Release|Any CPU
		{10688141-4E7B-4CF4-B24D-DC5044D9AD48}.Release|x86.ActiveCfg = Release|Any CPU
		{10688141-4E7B-4CF4-B24D-DC5044D9AD48}.Release|x86.Build.0 = Release|Any CPU
		{CAC0DCB4-CF6C-A797-8D1A-D7E6E38A9A56}.Debug|Any CPU.ActiveCfg = Debug|Any CPU
		{CAC0DCB4-CF6C-A797-8D1A-D7E6E38A9A56}.Debug|Any CPU.Build.0 = Debug|Any CPU
		{CAC0DCB4-CF6C-A797-8D1A-D7E6E38A9A56}.Debug|x64.ActiveCfg = Debug|Any CPU
		{CAC0DCB4-CF6C-A797-8D1A-D7E6E38A9A56}.Debug|x64.Build.0 = Debug|Any CPU
		{CAC0DCB4-CF6C-A797-8D1A-D7E6E38A9A56}.Debug|x86.ActiveCfg = Debug|Any CPU
		{CAC0DCB4-CF6C-A797-8D1A-D7E6E38A9A56}.Debug|x86.Build.0 = Debug|Any CPU
		{CAC0DCB4-CF6C-A797-8D1A-D7E6E38A9A56}.Release|Any CPU.ActiveCfg = Release|Any CPU
		{CAC0DCB4-CF6C-A797-8D1A-D7E6E38A9A56}.Release|Any CPU.Build.0 = Release|Any CPU
		{CAC0DCB4-CF6C-A797-8D1A-D7E6E38A9A56}.Release|x64.ActiveCfg = Release|Any CPU
		{CAC0DCB4-CF6C-A797-8D1A-D7E6E38A9A56}.Release|x64.Build.0 = Release|Any CPU
		{CAC0DCB4-CF6C-A797-8D1A-D7E6E38A9A56}.Release|x86.ActiveCfg = Release|Any CPU
		{CAC0DCB4-CF6C-A797-8D1A-D7E6E38A9A56}.Release|x86.Build.0 = Release|Any CPU
		{2A646084-D856-4A93-A00A-87CFC511E670}.Debug|Any CPU.ActiveCfg = Debug|Any CPU
		{2A646084-D856-4A93-A00A-87CFC511E670}.Debug|Any CPU.Build.0 = Debug|Any CPU
		{2A646084-D856-4A93-A00A-87CFC511E670}.Debug|x64.ActiveCfg = Debug|Any CPU
		{2A646084-D856-4A93-A00A-87CFC511E670}.Debug|x64.Build.0 = Debug|Any CPU
		{2A646084-D856-4A93-A00A-87CFC511E670}.Debug|x86.ActiveCfg = Debug|Any CPU
		{2A646084-D856-4A93-A00A-87CFC511E670}.Debug|x86.Build.0 = Debug|Any CPU
		{2A646084-D856-4A93-A00A-87CFC511E670}.Release|Any CPU.ActiveCfg = Release|Any CPU
		{2A646084-D856-4A93-A00A-87CFC511E670}.Release|Any CPU.Build.0 = Release|Any CPU
		{2A646084-D856-4A93-A00A-87CFC511E670}.Release|x64.ActiveCfg = Release|Any CPU
		{2A646084-D856-4A93-A00A-87CFC511E670}.Release|x64.Build.0 = Release|Any CPU
		{2A646084-D856-4A93-A00A-87CFC511E670}.Release|x86.ActiveCfg = Release|Any CPU
		{2A646084-D856-4A93-A00A-87CFC511E670}.Release|x86.Build.0 = Release|Any CPU
		{F2DA269F-B587-23F8-1E27-ABAC62849945}.Debug|Any CPU.ActiveCfg = Debug|Any CPU
		{F2DA269F-B587-23F8-1E27-ABAC62849945}.Debug|Any CPU.Build.0 = Debug|Any CPU
		{F2DA269F-B587-23F8-1E27-ABAC62849945}.Debug|x64.ActiveCfg = Debug|Any CPU
		{F2DA269F-B587-23F8-1E27-ABAC62849945}.Debug|x64.Build.0 = Debug|Any CPU
		{F2DA269F-B587-23F8-1E27-ABAC62849945}.Debug|x86.ActiveCfg = Debug|Any CPU
		{F2DA269F-B587-23F8-1E27-ABAC62849945}.Debug|x86.Build.0 = Debug|Any CPU
		{F2DA269F-B587-23F8-1E27-ABAC62849945}.Release|Any CPU.ActiveCfg = Release|Any CPU
		{F2DA269F-B587-23F8-1E27-ABAC62849945}.Release|Any CPU.Build.0 = Release|Any CPU
		{F2DA269F-B587-23F8-1E27-ABAC62849945}.Release|x64.ActiveCfg = Release|Any CPU
		{F2DA269F-B587-23F8-1E27-ABAC62849945}.Release|x64.Build.0 = Release|Any CPU
		{F2DA269F-B587-23F8-1E27-ABAC62849945}.Release|x86.ActiveCfg = Release|Any CPU
		{F2DA269F-B587-23F8-1E27-ABAC62849945}.Release|x86.Build.0 = Release|Any CPU
		{19B868D5-DD2E-77AE-FFD5-F79ADC367CB9}.Debug|Any CPU.ActiveCfg = Debug|Any CPU
		{19B868D5-DD2E-77AE-FFD5-F79ADC367CB9}.Debug|Any CPU.Build.0 = Debug|Any CPU
		{19B868D5-DD2E-77AE-FFD5-F79ADC367CB9}.Debug|x64.ActiveCfg = Debug|Any CPU
		{19B868D5-DD2E-77AE-FFD5-F79ADC367CB9}.Debug|x64.Build.0 = Debug|Any CPU
		{19B868D5-DD2E-77AE-FFD5-F79ADC367CB9}.Debug|x86.ActiveCfg = Debug|Any CPU
		{19B868D5-DD2E-77AE-FFD5-F79ADC367CB9}.Debug|x86.Build.0 = Debug|Any CPU
		{19B868D5-DD2E-77AE-FFD5-F79ADC367CB9}.Release|Any CPU.ActiveCfg = Release|Any CPU
		{19B868D5-DD2E-77AE-FFD5-F79ADC367CB9}.Release|Any CPU.Build.0 = Release|Any CPU
		{19B868D5-DD2E-77AE-FFD5-F79ADC367CB9}.Release|x64.ActiveCfg = Release|Any CPU
		{19B868D5-DD2E-77AE-FFD5-F79ADC367CB9}.Release|x64.Build.0 = Release|Any CPU
		{19B868D5-DD2E-77AE-FFD5-F79ADC367CB9}.Release|x86.ActiveCfg = Release|Any CPU
		{19B868D5-DD2E-77AE-FFD5-F79ADC367CB9}.Release|x86.Build.0 = Release|Any CPU
		{66F0FF09-C825-422D-A08B-6B5D858CB9EE}.Debug|Any CPU.ActiveCfg = Debug|Any CPU
		{66F0FF09-C825-422D-A08B-6B5D858CB9EE}.Debug|Any CPU.Build.0 = Debug|Any CPU
		{66F0FF09-C825-422D-A08B-6B5D858CB9EE}.Debug|x64.ActiveCfg = Debug|Any CPU
		{66F0FF09-C825-422D-A08B-6B5D858CB9EE}.Debug|x64.Build.0 = Debug|Any CPU
		{66F0FF09-C825-422D-A08B-6B5D858CB9EE}.Debug|x86.ActiveCfg = Debug|Any CPU
		{66F0FF09-C825-422D-A08B-6B5D858CB9EE}.Debug|x86.Build.0 = Debug|Any CPU
		{66F0FF09-C825-422D-A08B-6B5D858CB9EE}.Release|Any CPU.ActiveCfg = Release|Any CPU
		{66F0FF09-C825-422D-A08B-6B5D858CB9EE}.Release|Any CPU.Build.0 = Release|Any CPU
		{66F0FF09-C825-422D-A08B-6B5D858CB9EE}.Release|x64.ActiveCfg = Release|Any CPU
		{66F0FF09-C825-422D-A08B-6B5D858CB9EE}.Release|x64.Build.0 = Release|Any CPU
		{66F0FF09-C825-422D-A08B-6B5D858CB9EE}.Release|x86.ActiveCfg = Release|Any CPU
		{66F0FF09-C825-422D-A08B-6B5D858CB9EE}.Release|x86.Build.0 = Release|Any CPU
		{146CE86C-B904-4234-80F5-3897EEE9CB62}.Debug|Any CPU.ActiveCfg = Debug|Any CPU
		{146CE86C-B904-4234-80F5-3897EEE9CB62}.Debug|Any CPU.Build.0 = Debug|Any CPU
		{146CE86C-B904-4234-80F5-3897EEE9CB62}.Debug|x64.ActiveCfg = Debug|Any CPU
		{146CE86C-B904-4234-80F5-3897EEE9CB62}.Debug|x64.Build.0 = Debug|Any CPU
		{146CE86C-B904-4234-80F5-3897EEE9CB62}.Debug|x86.ActiveCfg = Debug|Any CPU
		{146CE86C-B904-4234-80F5-3897EEE9CB62}.Debug|x86.Build.0 = Debug|Any CPU
		{146CE86C-B904-4234-80F5-3897EEE9CB62}.Release|Any CPU.ActiveCfg = Release|Any CPU
		{146CE86C-B904-4234-80F5-3897EEE9CB62}.Release|Any CPU.Build.0 = Release|Any CPU
		{146CE86C-B904-4234-80F5-3897EEE9CB62}.Release|x64.ActiveCfg = Release|Any CPU
		{146CE86C-B904-4234-80F5-3897EEE9CB62}.Release|x64.Build.0 = Release|Any CPU
		{146CE86C-B904-4234-80F5-3897EEE9CB62}.Release|x86.ActiveCfg = Release|Any CPU
		{146CE86C-B904-4234-80F5-3897EEE9CB62}.Release|x86.Build.0 = Release|Any CPU
		{82E68E5D-2B36-12BE-6321-01F6E6307257}.Debug|Any CPU.ActiveCfg = Debug|Any CPU
		{82E68E5D-2B36-12BE-6321-01F6E6307257}.Debug|Any CPU.Build.0 = Debug|Any CPU
		{82E68E5D-2B36-12BE-6321-01F6E6307257}.Debug|x64.ActiveCfg = Debug|Any CPU
		{82E68E5D-2B36-12BE-6321-01F6E6307257}.Debug|x64.Build.0 = Debug|Any CPU
		{82E68E5D-2B36-12BE-6321-01F6E6307257}.Debug|x86.ActiveCfg = Debug|Any CPU
		{82E68E5D-2B36-12BE-6321-01F6E6307257}.Debug|x86.Build.0 = Debug|Any CPU
		{82E68E5D-2B36-12BE-6321-01F6E6307257}.Release|Any CPU.ActiveCfg = Release|Any CPU
		{82E68E5D-2B36-12BE-6321-01F6E6307257}.Release|Any CPU.Build.0 = Release|Any CPU
		{82E68E5D-2B36-12BE-6321-01F6E6307257}.Release|x64.ActiveCfg = Release|Any CPU
		{82E68E5D-2B36-12BE-6321-01F6E6307257}.Release|x64.Build.0 = Release|Any CPU
		{82E68E5D-2B36-12BE-6321-01F6E6307257}.Release|x86.ActiveCfg = Release|Any CPU
		{82E68E5D-2B36-12BE-6321-01F6E6307257}.Release|x86.Build.0 = Release|Any CPU
		{633C3139-8BA0-BCAB-60B0-D805AE90DD94}.Debug|Any CPU.ActiveCfg = Debug|Any CPU
		{633C3139-8BA0-BCAB-60B0-D805AE90DD94}.Debug|Any CPU.Build.0 = Debug|Any CPU
		{633C3139-8BA0-BCAB-60B0-D805AE90DD94}.Debug|x64.ActiveCfg = Debug|Any CPU
		{633C3139-8BA0-BCAB-60B0-D805AE90DD94}.Debug|x64.Build.0 = Debug|Any CPU
		{633C3139-8BA0-BCAB-60B0-D805AE90DD94}.Debug|x86.ActiveCfg = Debug|Any CPU
		{633C3139-8BA0-BCAB-60B0-D805AE90DD94}.Debug|x86.Build.0 = Debug|Any CPU
		{633C3139-8BA0-BCAB-60B0-D805AE90DD94}.Release|Any CPU.ActiveCfg = Release|Any CPU
		{633C3139-8BA0-BCAB-60B0-D805AE90DD94}.Release|Any CPU.Build.0 = Release|Any CPU
		{633C3139-8BA0-BCAB-60B0-D805AE90DD94}.Release|x64.ActiveCfg = Release|Any CPU
		{633C3139-8BA0-BCAB-60B0-D805AE90DD94}.Release|x64.Build.0 = Release|Any CPU
		{633C3139-8BA0-BCAB-60B0-D805AE90DD94}.Release|x86.ActiveCfg = Release|Any CPU
		{633C3139-8BA0-BCAB-60B0-D805AE90DD94}.Release|x86.Build.0 = Release|Any CPU
	EndGlobalSection
	GlobalSection(SolutionProperties) = preSolution
		HideSolutionNode = FALSE
	EndGlobalSection
	GlobalSection(NestedProjects) = preSolution
		{63A4C2E0-4FFB-195C-B1AD-0968C1DDBE86} = {4F50CA04-27D0-4B7F-A964-F719BCCBAD2A}
		{B5155ADF-0386-4C8A-9EBC-4BF4AA4B663A} = {EF953C89-9BB6-4D71-B50F-C41765572624}
		{7B06A31F-098F-4626-B588-815183C4C105} = {EF953C89-9BB6-4D71-B50F-C41765572624}
		{62760A99-F2AE-4A1F-8FED-925FCB50626A} = {347C5AE6-0142-4A87-9C9C-9CC1C7DF7074}
		{6B0E8880-FC23-4163-BCF1-5F95CC5FD5DD} = {347C5AE6-0142-4A87-9C9C-9CC1C7DF7074}
		{752A06CF-CF1C-4624-BDF6-3566428FF5B9} = {4F50CA04-27D0-4B7F-A964-F719BCCBAD2A}
		{A9A8714C-811B-48C9-AB63-7F403771367B} = {347C5AE6-0142-4A87-9C9C-9CC1C7DF7074}
		{635E63C6-E4B0-4F86-B80F-92A58DE54494} = {347C5AE6-0142-4A87-9C9C-9CC1C7DF7074}
		{57BB82A8-0CE2-44E2-8B2E-A04403218465} = {347C5AE6-0142-4A87-9C9C-9CC1C7DF7074}
		{CE8F42F0-9B37-4F8D-A81E-D234EEDD1F87} = {4F50CA04-27D0-4B7F-A964-F719BCCBAD2A}
		{10688141-4E7B-4CF4-B24D-DC5044D9AD48} = {4F50CA04-27D0-4B7F-A964-F719BCCBAD2A}
		{CAC0DCB4-CF6C-A797-8D1A-D7E6E38A9A56} = {4F50CA04-27D0-4B7F-A964-F719BCCBAD2A}
		{2A646084-D856-4A93-A00A-87CFC511E670} = {347C5AE6-0142-4A87-9C9C-9CC1C7DF7074}
		{F2DA269F-B587-23F8-1E27-ABAC62849945} = {4F50CA04-27D0-4B7F-A964-F719BCCBAD2A}
		{19B868D5-DD2E-77AE-FFD5-F79ADC367CB9} = {4F50CA04-27D0-4B7F-A964-F719BCCBAD2A}
		{66F0FF09-C825-422D-A08B-6B5D858CB9EE} = {AC4DC110-9F9E-4F3F-BCED-6955B0624009}
		{146CE86C-B904-4234-80F5-3897EEE9CB62} = {347C5AE6-0142-4A87-9C9C-9CC1C7DF7074}
		{82E68E5D-2B36-12BE-6321-01F6E6307257} = {F47FC22C-EF22-4374-8B17-385BE9E346F7}
		{633C3139-8BA0-BCAB-60B0-D805AE90DD94} = {4F50CA04-27D0-4B7F-A964-F719BCCBAD2A}
	EndGlobalSection
	GlobalSection(ExtensibilityGlobals) = postSolution
		SolutionGuid = {5B9EE1D9-EF2A-444F-8D89-DA8675D092BF}
	EndGlobalSection
EndGlobal
